
Microsoft Visual Studio Solution File, Format Version 12.00
# Visual Studio Version 16
VisualStudioVersion = 16.0.30711.63
MinimumVisualStudioVersion = 10.0.40219.1
Project("{FAE04EC0-301F-11D3-BF4B-00C04F79EFBC}") = "praxicloud.eventprocessors-legacy.kubernetes", "praxicloud.eventprocessors-legacy.kubernetes\praxicloud.eventprocessors-legacy.kubernetes.csproj", "{EA849CED-C704-46ED-8917-6A417F656095}"
EndProject
Global
	GlobalSection(SolutionConfigurationPlatforms) = preSolution
		Debug|Any CPU = Debug|Any CPU
		Release|Any CPU = Release|Any CPU
	EndGlobalSection
	GlobalSection(ProjectConfigurationPlatforms) = postSolution
		{EA849CED-C704-46ED-8917-6A417F656095}.Debug|Any CPU.ActiveCfg = Debug|Any CPU
		{EA849CED-C704-46ED-8917-6A417F656095}.Debug|Any CPU.Build.0 = Debug|Any CPU
		{EA849CED-C704-46ED-8917-6A417F656095}.Release|Any CPU.ActiveCfg = Release|Any CPU
		{EA849CED-C704-46ED-8917-6A417F656095}.Release|Any CPU.Build.0 = Release|Any CPU
	EndGlobalSection
	GlobalSection(SolutionProperties) = preSolution
		HideSolutionNode = FALSE
	EndGlobalSection
	GlobalSection(ExtensibilityGlobals) = postSolution
		SolutionGuid = {0B440C40-D2E7-4A31-BB31-3BA4066ECC39}
	EndGlobalSection
EndGlobal
